
Microsoft Visual Studio Solution File, Format Version 12.00
# Visual Studio Version 17
VisualStudioVersion = 17.4.33205.214
MinimumVisualStudioVersion = 10.0.40219.1
Project("{FAE04EC0-301F-11D3-BF4B-00C04F79EFBC}") = "RestSiteKursova", "RestSiteKursova\RestSiteKursova.csproj", "{1FE9A18E-AA6B-427B-BB14-B252F5BCD738}"
EndProject
Global
	GlobalSection(SolutionConfigurationPlatforms) = preSolution
		Debug|Any CPU = Debug|Any CPU
		Release|Any CPU = Release|Any CPU
	EndGlobalSection
	GlobalSection(ProjectConfigurationPlatforms) = postSolution
		{1FE9A18E-AA6B-427B-BB14-B252F5BCD738}.Debug|Any CPU.ActiveCfg = Debug|Any CPU
		{1FE9A18E-AA6B-427B-BB14-B252F5BCD738}.Debug|Any CPU.Build.0 = Debug|Any CPU
		{1FE9A18E-AA6B-427B-BB14-B252F5BCD738}.Release|Any CPU.ActiveCfg = Release|Any CPU
		{1FE9A18E-AA6B-427B-BB14-B252F5BCD738}.Release|Any CPU.Build.0 = Release|Any CPU
	EndGlobalSection
	GlobalSection(SolutionProperties) = preSolution
		HideSolutionNode = FALSE
	EndGlobalSection
	GlobalSection(ExtensibilityGlobals) = postSolution
		SolutionGuid = {6D1F8677-AEEC-4A49-8C26-2D1166FDF5FD}
	EndGlobalSection
EndGlobal
